<?xml version="1.0" encoding="utf-8"?>
<Project ToolsVersion="4.0" xmlns="http://schemas.microsoft.com/developer/msbuild/2003">
  <ItemGroup>
    <Filter Include="Platform">
      <UniqueIdentifier>{2AC788B4-1694-E3BF-3FAD-D1672BD9184E}</UniqueIdentifier>
    </Filter>
    <Filter Include="Platform\Windows">
      <UniqueIdentifier>{64FBD71A-50F4-F66C-7926-DCF1657ED678}</UniqueIdentifier>
    </Filter>
    <Filter Include="Rabbit">
      <UniqueIdentifier>{39BD38CE-255F-63A4-0E1A-77F8FA5AEAF4}</UniqueIdentifier>
    </Filter>
    <Filter Include="Rabbit\Events">
      <UniqueIdentifier>{FD2E809F-69EF-FBD5-322A-45539EA940B2}</UniqueIdentifier>
    </Filter>
  </ItemGroup>
  <ItemGroup>
    <ClInclude Include="src\Platform\Windows\WindowsWindow.h">
      <Filter>Platform\Windows</Filter>
    </ClInclude>
    <ClInclude Include="src\Rabbit.h" />
    <ClInclude Include="src\Rabbit\Application.h">
      <Filter>Rabbit</Filter>
    </ClInclude>
    <ClInclude Include="src\Rabbit\Core.h">
      <Filter>Rabbit</Filter>
    </ClInclude>
    <ClInclude Include="src\Rabbit\EntryPoint.h">
      <Filter>Rabbit</Filter>
    </ClInclude>
    <ClInclude Include="src\Rabbit\Events\ApplicationEvent.h">
      <Filter>Rabbit\Events</Filter>
    </ClInclude>
    <ClInclude Include="src\Rabbit\Events\Event.h">
      <Filter>Rabbit\Events</Filter>
    </ClInclude>
    <ClInclude Include="src\Rabbit\Events\KeyEvent.h">
      <Filter>Rabbit\Events</Filter>
    </ClInclude>
    <ClInclude Include="src\Rabbit\Events\MouseEvent.h">
      <Filter>Rabbit\Events</Filter>
    </ClInclude>
    <ClInclude Include="src\Rabbit\Log.h">
      <Filter>Rabbit</Filter>
    </ClInclude>
    <ClInclude Include="src\Rabbit\Window.h">
      <Filter>Rabbit</Filter>
    </ClInclude>
    <ClInclude Include="src\rbpch.h" />
  </ItemGroup>
  <ItemGroup>
    <ClCompile Include="src\Platform\Windows\WindowsWindow.cpp">
      <Filter>Platform\Windows</Filter>
    </ClCompile>
    <ClCompile Include="src\Rabbit\Application.cpp">
      <Filter>Rabbit</Filter>
    </ClCompile>
    <ClCompile Include="src\Rabbit\Log.cpp">
      <Filter>Rabbit</Filter>
    </ClCompile>
    <ClCompile Include="src\rbpch.cpp" />
  </ItemGroup>
</Project>