<?xml version="1.0" encoding="utf-8"?>
<Project ToolsVersion="4.0" xmlns="http://schemas.microsoft.com/developer/msbuild/2003">
  <ItemGroup>
    <Filter Include="Platform">
      <UniqueIdentifier>{2AC788B4-1694-E3BF-3FAD-D1672BD9184E}</UniqueIdentifier>
    </Filter>
    <Filter Include="Platform\OpenGL">
      <UniqueIdentifier>{1E7D2C1D-8A08-9AE1-9319-1DD6FF23F6E1}</UniqueIdentifier>
    </Filter>
    <Filter Include="Platform\Windows">
      <UniqueIdentifier>{64FBD71A-50F4-F66C-7926-DCF1657ED678}</UniqueIdentifier>
    </Filter>
    <Filter Include="Rabbit">
      <UniqueIdentifier>{39BD38CE-255F-63A4-0E1A-77F8FA5AEAF4}</UniqueIdentifier>
    </Filter>
    <Filter Include="Rabbit\Events">
      <UniqueIdentifier>{FD2E809F-69EF-FBD5-322A-45539EA940B2}</UniqueIdentifier>
    </Filter>
    <Filter Include="Rabbit\ImGui">
      <UniqueIdentifier>{2379D2ED-0FDC-6192-B861-9A48A4A32D15}</UniqueIdentifier>
    </Filter>
  </ItemGroup>
  <ItemGroup>
    <ClInclude Include="src\Platform\OpenGL\ImGuiOpenGLRenderer.h">
      <Filter>Platform\OpenGL</Filter>
    </ClInclude>
    <ClInclude Include="src\Platform\Windows\WindowsWindow.h">
      <Filter>Platform\Windows</Filter>
    </ClInclude>
    <ClInclude Include="src\Rabbit.h" />
    <ClInclude Include="src\Rabbit\Application.h">
      <Filter>Rabbit</Filter>
    </ClInclude>
    <ClInclude Include="src\Rabbit\Core.h">
      <Filter>Rabbit</Filter>
    </ClInclude>
    <ClInclude Include="src\Rabbit\EntryPoint.h">
      <Filter>Rabbit</Filter>
    </ClInclude>
    <ClInclude Include="src\Rabbit\Events\ApplicationEvent.h">
      <Filter>Rabbit\Events</Filter>
    </ClInclude>
    <ClInclude Include="src\Rabbit\Events\Event.h">
      <Filter>Rabbit\Events</Filter>
    </ClInclude>
    <ClInclude Include="src\Rabbit\Events\KeyEvent.h">
      <Filter>Rabbit\Events</Filter>
    </ClInclude>
    <ClInclude Include="src\Rabbit\Events\MouseEvent.h">
      <Filter>Rabbit\Events</Filter>
    </ClInclude>
    <ClInclude Include="src\Rabbit\ImGui\ImGuiLayer.h">
      <Filter>Rabbit\ImGui</Filter>
    </ClInclude>
    <ClInclude Include="src\Rabbit\Layer.h">
      <Filter>Rabbit</Filter>
    </ClInclude>
    <ClInclude Include="src\Rabbit\LayerStack.h">
      <Filter>Rabbit</Filter>
    </ClInclude>
    <ClInclude Include="src\Rabbit\Log.h">
      <Filter>Rabbit</Filter>
    </ClInclude>
    <ClInclude Include="src\Rabbit\Window.h">
      <Filter>Rabbit</Filter>
    </ClInclude>
    <ClInclude Include="src\rbpch.h" />
    <ClInclude Include="src\Rabbit\Input.h" />
    <ClInclude Include="src\Platform\Windows\WindowsInput.h" />
  </ItemGroup>
  <ItemGroup>
    <ClCompile Include="src\Platform\OpenGL\ImGuiOpenGLRenderer.cpp">
      <Filter>Platform\OpenGL</Filter>
    </ClCompile>
    <ClCompile Include="src\Platform\Windows\WindowsWindow.cpp">
      <Filter>Platform\Windows</Filter>
    </ClCompile>
    <ClCompile Include="src\Rabbit\Application.cpp">
      <Filter>Rabbit</Filter>
    </ClCompile>
    <ClCompile Include="src\Rabbit\ImGui\ImGuiLayer.cpp">
      <Filter>Rabbit\ImGui</Filter>
    </ClCompile>
    <ClCompile Include="src\Rabbit\Layer.cpp">
      <Filter>Rabbit</Filter>
    </ClCompile>
    <ClCompile Include="src\Rabbit\LayerStack.cpp">
      <Filter>Rabbit</Filter>
    </ClCompile>
    <ClCompile Include="src\Rabbit\Log.cpp">
      <Filter>Rabbit</Filter>
    </ClCompile>
    <ClCompile Include="src\rbpch.cpp" />
    <ClCompile Include="src\Platform\Windows\WindowsInput.cpp" />
  </ItemGroup>
</Project>